# This file is autogenerated, do not edit; changes may be undone by the next 'dep ensure'.


[[projects]]
  branch = "master"
  name = "github.com/gocraft/health"
  packages = [".","stack"]
  revision = "25b40f8580168c1f905a6dba35d471cdc51ca629"

[solve-meta]
  analyzer-name = "dep"
  analyzer-version = 1
  inputs-digest = "5f410e9feaae04c93110a37c3ddcac2b193bd15a4c1c6a929bb71a6041fe7655"
  solver-name = "gps-cdcl"
  solver-version = 1
